
Microsoft Visual Studio Solution File, Format Version 12.00
# Visual Studio Version 17
VisualStudioVersion = 17.0.32014.148
MinimumVisualStudioVersion = 10.0.40219.1
Project("{9A19103F-16F7-4668-BE54-9A1E7A4F7556}") = "fda-model", "fda-model\fda-model.csproj", "{F9F9DA21-BF10-4F45-B988-88063002875C}"
EndProject
Project("{2150E333-8FDC-42A3-9474-1A3956D46DE8}") = "Solution Items", "Solution Items", "{C9D31C05-5D20-46A5-B761-B9AC6C188CD8}"
	ProjectSection(SolutionItems) = preProject
		.gitignore = .gitignore
		.github\workflows\CI.yaml = .github\workflows\CI.yaml
		.github\workflows\CICD.yml = .github\workflows\CICD.yml
		Directory.Build.props = Directory.Build.props
		.github\workflows\IntegrationTesting.yml = .github\workflows\IntegrationTesting.yml
		LICENSE = LICENSE
		README.md = README.md
	EndProjectSection
EndProject
Project("{9A19103F-16F7-4668-BE54-9A1E7A4F7556}") = "fda-model-test", "fda-model-test\fda-model-test.csproj", "{F9FBA186-4776-4A20-85A3-3F928F9F5F7B}"
EndProject
Project("{9A19103F-16F7-4668-BE54-9A1E7A4F7556}") = "fda-model-cmd", "fda-model-cmd\fda-model-cmd.csproj", "{A5661917-5AB0-4347-BB00-85E4B192BC67}"
EndProject
Project("{9A19103F-16F7-4668-BE54-9A1E7A4F7556}") = "Statistics", "Statistics\Statistics.csproj", "{DB1B2C8A-B0CC-41D4-956E-124764E1BE26}"
EndProject
Project("{9A19103F-16F7-4668-BE54-9A1E7A4F7556}") = "StatisticsTests", "StatisticsTests\StatisticsTests.csproj", "{DC28DB93-3609-48CE-82C0-FE9A12077CCD}"
EndProject
Global
	GlobalSection(SolutionConfigurationPlatforms) = preSolution
		Debug|Any CPU = Debug|Any CPU
		Release|Any CPU = Release|Any CPU
	EndGlobalSection
	GlobalSection(ProjectConfigurationPlatforms) = postSolution
		{F9F9DA21-BF10-4F45-B988-88063002875C}.Debug|Any CPU.ActiveCfg = Debug|Any CPU
		{F9F9DA21-BF10-4F45-B988-88063002875C}.Debug|Any CPU.Build.0 = Debug|Any CPU
		{F9F9DA21-BF10-4F45-B988-88063002875C}.Release|Any CPU.ActiveCfg = Release|Any CPU
		{F9F9DA21-BF10-4F45-B988-88063002875C}.Release|Any CPU.Build.0 = Release|Any CPU
		{F9FBA186-4776-4A20-85A3-3F928F9F5F7B}.Debug|Any CPU.ActiveCfg = Debug|Any CPU
		{F9FBA186-4776-4A20-85A3-3F928F9F5F7B}.Debug|Any CPU.Build.0 = Debug|Any CPU
		{F9FBA186-4776-4A20-85A3-3F928F9F5F7B}.Release|Any CPU.ActiveCfg = Release|Any CPU
		{F9FBA186-4776-4A20-85A3-3F928F9F5F7B}.Release|Any CPU.Build.0 = Release|Any CPU
		{A5661917-5AB0-4347-BB00-85E4B192BC67}.Debug|Any CPU.ActiveCfg = Debug|Any CPU
		{A5661917-5AB0-4347-BB00-85E4B192BC67}.Debug|Any CPU.Build.0 = Debug|Any CPU
		{A5661917-5AB0-4347-BB00-85E4B192BC67}.Release|Any CPU.ActiveCfg = Release|Any CPU
		{A5661917-5AB0-4347-BB00-85E4B192BC67}.Release|Any CPU.Build.0 = Release|Any CPU
		{DB1B2C8A-B0CC-41D4-956E-124764E1BE26}.Debug|Any CPU.ActiveCfg = Debug|Any CPU
		{DB1B2C8A-B0CC-41D4-956E-124764E1BE26}.Debug|Any CPU.Build.0 = Debug|Any CPU
		{DB1B2C8A-B0CC-41D4-956E-124764E1BE26}.Release|Any CPU.ActiveCfg = Release|Any CPU
		{DB1B2C8A-B0CC-41D4-956E-124764E1BE26}.Release|Any CPU.Build.0 = Release|Any CPU
		{DC28DB93-3609-48CE-82C0-FE9A12077CCD}.Debug|Any CPU.ActiveCfg = Debug|Any CPU
		{DC28DB93-3609-48CE-82C0-FE9A12077CCD}.Debug|Any CPU.Build.0 = Debug|Any CPU
		{DC28DB93-3609-48CE-82C0-FE9A12077CCD}.Release|Any CPU.ActiveCfg = Release|Any CPU
		{DC28DB93-3609-48CE-82C0-FE9A12077CCD}.Release|Any CPU.Build.0 = Release|Any CPU
	EndGlobalSection
	GlobalSection(SolutionProperties) = preSolution
		HideSolutionNode = FALSE
	EndGlobalSection
	GlobalSection(ExtensibilityGlobals) = postSolution
		SolutionGuid = {FDF03730-6B81-4EB2-8037-20D89A8DE339}
	EndGlobalSection
EndGlobal
