
Microsoft Visual Studio Solution File, Format Version 12.00
# Visual Studio Version 17
VisualStudioVersion = 17.1.32210.238
MinimumVisualStudioVersion = 10.0.40219.1
Project("{9A19103F-16F7-4668-BE54-9A1E7A4F7556}") = "HEC.FDA.View", "View\HEC.FDA.View.csproj", "{CB13C644-E9D3-400F-B9ED-CFF9BEAF5E20}"
EndProject
Project("{778DAE3C-4631-46EA-AA77-85C1314464D9}") = "HEC.FDA.UserControls", "UserControls\HEC.FDA.UserControls.vbproj", "{80EB938B-BC8F-44F7-B4DD-6127010F2D96}"
EndProject
Project("{9A19103F-16F7-4668-BE54-9A1E7A4F7556}") = "HEC.FDA.Importer", "Importer\HEC.FDA.Importer.csproj", "{2DB60C23-9754-4548-BCF3-4D1BBA79570C}"
EndProject
Project("{2150E333-8FDC-42A3-9474-1A3956D46DE8}") = "Solution Items", "Solution Items", "{D6BCFF89-1584-4930-BC20-CF0263D7DA84}"
	ProjectSection(SolutionItems) = preProject
		.gitignore = .gitignore
		.github\workflows\CI.yaml = .github\workflows\CI.yaml
		CODE_OF_CONDUCT = CODE_OF_CONDUCT
		CONTRIBUTING = CONTRIBUTING
		Directory.Build.props = Directory.Build.props
		LICENSE = LICENSE
		nuget.config = nuget.config
		README.md = README.md
		.github\workflows\Release.yml = .github\workflows\Release.yml
	EndProjectSection
EndProject
Project("{9A19103F-16F7-4668-BE54-9A1E7A4F7556}") = "HEC.FDA.ViewModel", "ViewModel\HEC.FDA.ViewModel.csproj", "{2BF5D01A-B8CA-4D47-B9FE-01E7A5C30074}"
EndProject
Project("{9A19103F-16F7-4668-BE54-9A1E7A4F7556}") = "HEC.FDA.ViewModelTest", "HEC.FDA.ViewModelTest\HEC.FDA.ViewModelTest.csproj", "{646D2C9B-8819-4BB0-BFFF-727A891DAE27}"
EndProject
Project("{9A19103F-16F7-4668-BE54-9A1E7A4F7556}") = "HEC.FDA.ModelCmd", "fda-model-cmd\HEC.FDA.ModelCmd.csproj", "{074FDF94-DCFA-4229-8784-E743B852087F}"
EndProject
Project("{9A19103F-16F7-4668-BE54-9A1E7A4F7556}") = "HEC.FDA.ModelTest", "fda-model-test\HEC.FDA.ModelTest.csproj", "{2D770541-506D-472B-BCA3-F9286AFB517D}"
EndProject
Project("{9A19103F-16F7-4668-BE54-9A1E7A4F7556}") = "HEC.FDA.StatisticsTest", "StatisticsTests\HEC.FDA.StatisticsTest.csproj", "{7B39294F-45BC-48F0-BC07-545C3532DD0D}"
EndProject
Project("{9A19103F-16F7-4668-BE54-9A1E7A4F7556}") = "HEC.FDA.Profiler.StageDamage", "HEC.FDA.Profiler.StageDamage\HEC.FDA.Profiler.StageDamage.csproj", "{8EB66CF4-515E-4201-A5AB-CEB556063E46}"
EndProject
Project("{2150E333-8FDC-42A3-9474-1A3956D46DE8}") = "Framework", "Framework", "{08C7D9FF-8AA8-465A-B851-E11D26E1CF01}"
EndProject
Project("{9A19103F-16F7-4668-BE54-9A1E7A4F7556}") = "HEC.MVVMFramework.Base", "HEC.MVVMFramework.Base\HEC.MVVMFramework.Base.csproj", "{2BD2C416-8A49-45C4-BD71-E7EA97C5F7FA}"
EndProject
Project("{9A19103F-16F7-4668-BE54-9A1E7A4F7556}") = "HEC.MVVMFramework.BaseTest", "HEC.MVVMFramework.BaseTest\HEC.MVVMFramework.BaseTest.csproj", "{57492882-75A5-445A-99B0-9D23DC4A2390}"
EndProject
Project("{9A19103F-16F7-4668-BE54-9A1E7A4F7556}") = "HEC.MVVMFramework.Model", "HEC.MVVMFramework.Model\HEC.MVVMFramework.Model.csproj", "{6AE4F20D-96B2-4158-A4B9-49662BDE4327}"
EndProject
Project("{9A19103F-16F7-4668-BE54-9A1E7A4F7556}") = "HEC.MVVMFramework.ModelTest", "HEC.MVVMFramework.ModelTest\HEC.MVVMFramework.ModelTest.csproj", "{8E204465-3593-454E-A59D-9823AD0F4CF0}"
EndProject
Project("{9A19103F-16F7-4668-BE54-9A1E7A4F7556}") = "HEC.MVVMFramework.View", "HEC.MVVMFramework.View\HEC.MVVMFramework.View.csproj", "{0841C179-2344-4995-ACCD-D54C3EA3A40D}"
EndProject
Project("{9A19103F-16F7-4668-BE54-9A1E7A4F7556}") = "HEC.MVVMFramework.ViewTest", "HEC.MVVMFramework.ViewTest\HEC.MVVMFramework.ViewTest.csproj", "{CD1374E7-2A98-4CD7-950A-A013F83336F9}"
EndProject
Project("{9A19103F-16F7-4668-BE54-9A1E7A4F7556}") = "HEC.MVVMFramework.ViewModel", "HEC.MVVMFramework.ViewModel\HEC.MVVMFramework.ViewModel.csproj", "{85D14B24-06D6-42D2-849D-E26456E41010}"
EndProject
Project("{9A19103F-16F7-4668-BE54-9A1E7A4F7556}") = "HEC.FDA.Model", "HEC.FDA.Model\HEC.FDA.Model.csproj", "{151D1885-F68E-453F-A611-8E4AB273F573}"
EndProject
Project("{9A19103F-16F7-4668-BE54-9A1E7A4F7556}") = "HEC.FDA.Statistics", "HEC.FDA.Statistics\HEC.FDA.Statistics.csproj", "{3292CA9D-B9A5-46BF-BF90-E71E394E5C4E}"
EndProject
Global
	GlobalSection(SolutionConfigurationPlatforms) = preSolution
		Debug|Any CPU = Debug|Any CPU
		Debug|x64 = Debug|x64
		Debug|x86 = Debug|x86
		Release|Any CPU = Release|Any CPU
		Release|x64 = Release|x64
		Release|x86 = Release|x86
	EndGlobalSection
	GlobalSection(ProjectConfigurationPlatforms) = postSolution
		{CB13C644-E9D3-400F-B9ED-CFF9BEAF5E20}.Debug|Any CPU.ActiveCfg = Debug|Any CPU
		{CB13C644-E9D3-400F-B9ED-CFF9BEAF5E20}.Debug|Any CPU.Build.0 = Debug|Any CPU
		{CB13C644-E9D3-400F-B9ED-CFF9BEAF5E20}.Debug|x64.ActiveCfg = Debug|Any CPU
		{CB13C644-E9D3-400F-B9ED-CFF9BEAF5E20}.Debug|x64.Build.0 = Debug|Any CPU
		{CB13C644-E9D3-400F-B9ED-CFF9BEAF5E20}.Debug|x86.ActiveCfg = Debug|Any CPU
		{CB13C644-E9D3-400F-B9ED-CFF9BEAF5E20}.Debug|x86.Build.0 = Debug|Any CPU
		{CB13C644-E9D3-400F-B9ED-CFF9BEAF5E20}.Release|Any CPU.ActiveCfg = Release|Any CPU
		{CB13C644-E9D3-400F-B9ED-CFF9BEAF5E20}.Release|Any CPU.Build.0 = Release|Any CPU
		{CB13C644-E9D3-400F-B9ED-CFF9BEAF5E20}.Release|x64.ActiveCfg = Release|Any CPU
		{CB13C644-E9D3-400F-B9ED-CFF9BEAF5E20}.Release|x64.Build.0 = Release|Any CPU
		{CB13C644-E9D3-400F-B9ED-CFF9BEAF5E20}.Release|x86.ActiveCfg = Release|Any CPU
		{CB13C644-E9D3-400F-B9ED-CFF9BEAF5E20}.Release|x86.Build.0 = Release|Any CPU
		{80EB938B-BC8F-44F7-B4DD-6127010F2D96}.Debug|Any CPU.ActiveCfg = Debug|Any CPU
		{80EB938B-BC8F-44F7-B4DD-6127010F2D96}.Debug|Any CPU.Build.0 = Debug|Any CPU
		{80EB938B-BC8F-44F7-B4DD-6127010F2D96}.Debug|x64.ActiveCfg = Debug|Any CPU
		{80EB938B-BC8F-44F7-B4DD-6127010F2D96}.Debug|x64.Build.0 = Debug|Any CPU
		{80EB938B-BC8F-44F7-B4DD-6127010F2D96}.Debug|x86.ActiveCfg = Debug|Any CPU
		{80EB938B-BC8F-44F7-B4DD-6127010F2D96}.Debug|x86.Build.0 = Debug|Any CPU
		{80EB938B-BC8F-44F7-B4DD-6127010F2D96}.Release|Any CPU.ActiveCfg = Release|Any CPU
		{80EB938B-BC8F-44F7-B4DD-6127010F2D96}.Release|Any CPU.Build.0 = Release|Any CPU
		{80EB938B-BC8F-44F7-B4DD-6127010F2D96}.Release|x64.ActiveCfg = Release|Any CPU
		{80EB938B-BC8F-44F7-B4DD-6127010F2D96}.Release|x64.Build.0 = Release|Any CPU
		{80EB938B-BC8F-44F7-B4DD-6127010F2D96}.Release|x86.ActiveCfg = Release|Any CPU
		{80EB938B-BC8F-44F7-B4DD-6127010F2D96}.Release|x86.Build.0 = Release|Any CPU
		{2DB60C23-9754-4548-BCF3-4D1BBA79570C}.Debug|Any CPU.ActiveCfg = Debug|Any CPU
		{2DB60C23-9754-4548-BCF3-4D1BBA79570C}.Debug|Any CPU.Build.0 = Debug|Any CPU
		{2DB60C23-9754-4548-BCF3-4D1BBA79570C}.Debug|x64.ActiveCfg = Debug|Any CPU
		{2DB60C23-9754-4548-BCF3-4D1BBA79570C}.Debug|x64.Build.0 = Debug|Any CPU
		{2DB60C23-9754-4548-BCF3-4D1BBA79570C}.Debug|x86.ActiveCfg = Debug|Any CPU
		{2DB60C23-9754-4548-BCF3-4D1BBA79570C}.Debug|x86.Build.0 = Debug|Any CPU
		{2DB60C23-9754-4548-BCF3-4D1BBA79570C}.Release|Any CPU.ActiveCfg = Release|Any CPU
		{2DB60C23-9754-4548-BCF3-4D1BBA79570C}.Release|Any CPU.Build.0 = Release|Any CPU
		{2DB60C23-9754-4548-BCF3-4D1BBA79570C}.Release|x64.ActiveCfg = Release|Any CPU
		{2DB60C23-9754-4548-BCF3-4D1BBA79570C}.Release|x64.Build.0 = Release|Any CPU
		{2DB60C23-9754-4548-BCF3-4D1BBA79570C}.Release|x86.ActiveCfg = Release|Any CPU
		{2DB60C23-9754-4548-BCF3-4D1BBA79570C}.Release|x86.Build.0 = Release|Any CPU
		{2BF5D01A-B8CA-4D47-B9FE-01E7A5C30074}.Debug|Any CPU.ActiveCfg = Debug|Any CPU
		{2BF5D01A-B8CA-4D47-B9FE-01E7A5C30074}.Debug|Any CPU.Build.0 = Debug|Any CPU
		{2BF5D01A-B8CA-4D47-B9FE-01E7A5C30074}.Debug|x64.ActiveCfg = Debug|Any CPU
		{2BF5D01A-B8CA-4D47-B9FE-01E7A5C30074}.Debug|x64.Build.0 = Debug|Any CPU
		{2BF5D01A-B8CA-4D47-B9FE-01E7A5C30074}.Debug|x86.ActiveCfg = Debug|Any CPU
		{2BF5D01A-B8CA-4D47-B9FE-01E7A5C30074}.Debug|x86.Build.0 = Debug|Any CPU
		{2BF5D01A-B8CA-4D47-B9FE-01E7A5C30074}.Release|Any CPU.ActiveCfg = Release|Any CPU
		{2BF5D01A-B8CA-4D47-B9FE-01E7A5C30074}.Release|Any CPU.Build.0 = Release|Any CPU
		{2BF5D01A-B8CA-4D47-B9FE-01E7A5C30074}.Release|x64.ActiveCfg = Release|Any CPU
		{2BF5D01A-B8CA-4D47-B9FE-01E7A5C30074}.Release|x64.Build.0 = Release|Any CPU
		{2BF5D01A-B8CA-4D47-B9FE-01E7A5C30074}.Release|x86.ActiveCfg = Release|Any CPU
		{2BF5D01A-B8CA-4D47-B9FE-01E7A5C30074}.Release|x86.Build.0 = Release|Any CPU
		{646D2C9B-8819-4BB0-BFFF-727A891DAE27}.Debug|Any CPU.ActiveCfg = Debug|Any CPU
		{646D2C9B-8819-4BB0-BFFF-727A891DAE27}.Debug|Any CPU.Build.0 = Debug|Any CPU
		{646D2C9B-8819-4BB0-BFFF-727A891DAE27}.Debug|x64.ActiveCfg = Debug|Any CPU
		{646D2C9B-8819-4BB0-BFFF-727A891DAE27}.Debug|x64.Build.0 = Debug|Any CPU
		{646D2C9B-8819-4BB0-BFFF-727A891DAE27}.Debug|x86.ActiveCfg = Debug|Any CPU
		{646D2C9B-8819-4BB0-BFFF-727A891DAE27}.Debug|x86.Build.0 = Debug|Any CPU
		{646D2C9B-8819-4BB0-BFFF-727A891DAE27}.Release|Any CPU.ActiveCfg = Release|Any CPU
		{646D2C9B-8819-4BB0-BFFF-727A891DAE27}.Release|Any CPU.Build.0 = Release|Any CPU
		{646D2C9B-8819-4BB0-BFFF-727A891DAE27}.Release|x64.ActiveCfg = Release|Any CPU
		{646D2C9B-8819-4BB0-BFFF-727A891DAE27}.Release|x64.Build.0 = Release|Any CPU
		{646D2C9B-8819-4BB0-BFFF-727A891DAE27}.Release|x86.ActiveCfg = Release|Any CPU
		{646D2C9B-8819-4BB0-BFFF-727A891DAE27}.Release|x86.Build.0 = Release|Any CPU
		{074FDF94-DCFA-4229-8784-E743B852087F}.Debug|Any CPU.ActiveCfg = Debug|Any CPU
		{074FDF94-DCFA-4229-8784-E743B852087F}.Debug|Any CPU.Build.0 = Debug|Any CPU
		{074FDF94-DCFA-4229-8784-E743B852087F}.Debug|x64.ActiveCfg = Debug|Any CPU
		{074FDF94-DCFA-4229-8784-E743B852087F}.Debug|x64.Build.0 = Debug|Any CPU
		{074FDF94-DCFA-4229-8784-E743B852087F}.Debug|x86.ActiveCfg = Debug|Any CPU
		{074FDF94-DCFA-4229-8784-E743B852087F}.Debug|x86.Build.0 = Debug|Any CPU
		{074FDF94-DCFA-4229-8784-E743B852087F}.Release|Any CPU.ActiveCfg = Release|Any CPU
		{074FDF94-DCFA-4229-8784-E743B852087F}.Release|Any CPU.Build.0 = Release|Any CPU
		{074FDF94-DCFA-4229-8784-E743B852087F}.Release|x64.ActiveCfg = Release|Any CPU
		{074FDF94-DCFA-4229-8784-E743B852087F}.Release|x64.Build.0 = Release|Any CPU
		{074FDF94-DCFA-4229-8784-E743B852087F}.Release|x86.ActiveCfg = Release|Any CPU
		{074FDF94-DCFA-4229-8784-E743B852087F}.Release|x86.Build.0 = Release|Any CPU
		{2D770541-506D-472B-BCA3-F9286AFB517D}.Debug|Any CPU.ActiveCfg = Debug|Any CPU
		{2D770541-506D-472B-BCA3-F9286AFB517D}.Debug|Any CPU.Build.0 = Debug|Any CPU
		{2D770541-506D-472B-BCA3-F9286AFB517D}.Debug|x64.ActiveCfg = Debug|Any CPU
		{2D770541-506D-472B-BCA3-F9286AFB517D}.Debug|x64.Build.0 = Debug|Any CPU
		{2D770541-506D-472B-BCA3-F9286AFB517D}.Debug|x86.ActiveCfg = Debug|Any CPU
		{2D770541-506D-472B-BCA3-F9286AFB517D}.Debug|x86.Build.0 = Debug|Any CPU
		{2D770541-506D-472B-BCA3-F9286AFB517D}.Release|Any CPU.ActiveCfg = Release|Any CPU
		{2D770541-506D-472B-BCA3-F9286AFB517D}.Release|Any CPU.Build.0 = Release|Any CPU
		{2D770541-506D-472B-BCA3-F9286AFB517D}.Release|x64.ActiveCfg = Release|Any CPU
		{2D770541-506D-472B-BCA3-F9286AFB517D}.Release|x64.Build.0 = Release|Any CPU
		{2D770541-506D-472B-BCA3-F9286AFB517D}.Release|x86.ActiveCfg = Release|Any CPU
		{2D770541-506D-472B-BCA3-F9286AFB517D}.Release|x86.Build.0 = Release|Any CPU
		{7B39294F-45BC-48F0-BC07-545C3532DD0D}.Debug|Any CPU.ActiveCfg = Debug|Any CPU
		{7B39294F-45BC-48F0-BC07-545C3532DD0D}.Debug|Any CPU.Build.0 = Debug|Any CPU
		{7B39294F-45BC-48F0-BC07-545C3532DD0D}.Debug|x64.ActiveCfg = Debug|Any CPU
		{7B39294F-45BC-48F0-BC07-545C3532DD0D}.Debug|x64.Build.0 = Debug|Any CPU
		{7B39294F-45BC-48F0-BC07-545C3532DD0D}.Debug|x86.ActiveCfg = Debug|Any CPU
		{7B39294F-45BC-48F0-BC07-545C3532DD0D}.Debug|x86.Build.0 = Debug|Any CPU
		{7B39294F-45BC-48F0-BC07-545C3532DD0D}.Release|Any CPU.ActiveCfg = Release|Any CPU
		{7B39294F-45BC-48F0-BC07-545C3532DD0D}.Release|Any CPU.Build.0 = Release|Any CPU
		{7B39294F-45BC-48F0-BC07-545C3532DD0D}.Release|x64.ActiveCfg = Release|Any CPU
		{7B39294F-45BC-48F0-BC07-545C3532DD0D}.Release|x64.Build.0 = Release|Any CPU
		{7B39294F-45BC-48F0-BC07-545C3532DD0D}.Release|x86.ActiveCfg = Release|Any CPU
		{7B39294F-45BC-48F0-BC07-545C3532DD0D}.Release|x86.Build.0 = Release|Any CPU
		{8EB66CF4-515E-4201-A5AB-CEB556063E46}.Debug|Any CPU.ActiveCfg = Debug|Any CPU
		{8EB66CF4-515E-4201-A5AB-CEB556063E46}.Debug|Any CPU.Build.0 = Debug|Any CPU
		{8EB66CF4-515E-4201-A5AB-CEB556063E46}.Debug|x64.ActiveCfg = Debug|Any CPU
		{8EB66CF4-515E-4201-A5AB-CEB556063E46}.Debug|x64.Build.0 = Debug|Any CPU
		{8EB66CF4-515E-4201-A5AB-CEB556063E46}.Debug|x86.ActiveCfg = Debug|Any CPU
		{8EB66CF4-515E-4201-A5AB-CEB556063E46}.Debug|x86.Build.0 = Debug|Any CPU
		{8EB66CF4-515E-4201-A5AB-CEB556063E46}.Release|Any CPU.ActiveCfg = Release|Any CPU
		{8EB66CF4-515E-4201-A5AB-CEB556063E46}.Release|Any CPU.Build.0 = Release|Any CPU
		{8EB66CF4-515E-4201-A5AB-CEB556063E46}.Release|x64.ActiveCfg = Release|Any CPU
		{8EB66CF4-515E-4201-A5AB-CEB556063E46}.Release|x64.Build.0 = Release|Any CPU
		{8EB66CF4-515E-4201-A5AB-CEB556063E46}.Release|x86.ActiveCfg = Release|Any CPU
		{8EB66CF4-515E-4201-A5AB-CEB556063E46}.Release|x86.Build.0 = Release|Any CPU
		{2BD2C416-8A49-45C4-BD71-E7EA97C5F7FA}.Debug|Any CPU.ActiveCfg = Debug|Any CPU
		{2BD2C416-8A49-45C4-BD71-E7EA97C5F7FA}.Debug|Any CPU.Build.0 = Debug|Any CPU
		{2BD2C416-8A49-45C4-BD71-E7EA97C5F7FA}.Debug|x64.ActiveCfg = Debug|Any CPU
		{2BD2C416-8A49-45C4-BD71-E7EA97C5F7FA}.Debug|x64.Build.0 = Debug|Any CPU
		{2BD2C416-8A49-45C4-BD71-E7EA97C5F7FA}.Debug|x86.ActiveCfg = Debug|Any CPU
		{2BD2C416-8A49-45C4-BD71-E7EA97C5F7FA}.Debug|x86.Build.0 = Debug|Any CPU
		{2BD2C416-8A49-45C4-BD71-E7EA97C5F7FA}.Release|Any CPU.ActiveCfg = Release|Any CPU
		{2BD2C416-8A49-45C4-BD71-E7EA97C5F7FA}.Release|Any CPU.Build.0 = Release|Any CPU
		{2BD2C416-8A49-45C4-BD71-E7EA97C5F7FA}.Release|x64.ActiveCfg = Release|Any CPU
		{2BD2C416-8A49-45C4-BD71-E7EA97C5F7FA}.Release|x64.Build.0 = Release|Any CPU
		{2BD2C416-8A49-45C4-BD71-E7EA97C5F7FA}.Release|x86.ActiveCfg = Release|Any CPU
		{2BD2C416-8A49-45C4-BD71-E7EA97C5F7FA}.Release|x86.Build.0 = Release|Any CPU
		{57492882-75A5-445A-99B0-9D23DC4A2390}.Debug|Any CPU.ActiveCfg = Debug|Any CPU
		{57492882-75A5-445A-99B0-9D23DC4A2390}.Debug|Any CPU.Build.0 = Debug|Any CPU
		{57492882-75A5-445A-99B0-9D23DC4A2390}.Debug|x64.ActiveCfg = Debug|Any CPU
		{57492882-75A5-445A-99B0-9D23DC4A2390}.Debug|x64.Build.0 = Debug|Any CPU
		{57492882-75A5-445A-99B0-9D23DC4A2390}.Debug|x86.ActiveCfg = Debug|Any CPU
		{57492882-75A5-445A-99B0-9D23DC4A2390}.Debug|x86.Build.0 = Debug|Any CPU
		{57492882-75A5-445A-99B0-9D23DC4A2390}.Release|Any CPU.ActiveCfg = Release|Any CPU
		{57492882-75A5-445A-99B0-9D23DC4A2390}.Release|Any CPU.Build.0 = Release|Any CPU
		{57492882-75A5-445A-99B0-9D23DC4A2390}.Release|x64.ActiveCfg = Release|Any CPU
		{57492882-75A5-445A-99B0-9D23DC4A2390}.Release|x64.Build.0 = Release|Any CPU
		{57492882-75A5-445A-99B0-9D23DC4A2390}.Release|x86.ActiveCfg = Release|Any CPU
		{57492882-75A5-445A-99B0-9D23DC4A2390}.Release|x86.Build.0 = Release|Any CPU
		{6AE4F20D-96B2-4158-A4B9-49662BDE4327}.Debug|Any CPU.ActiveCfg = Debug|Any CPU
		{6AE4F20D-96B2-4158-A4B9-49662BDE4327}.Debug|Any CPU.Build.0 = Debug|Any CPU
		{6AE4F20D-96B2-4158-A4B9-49662BDE4327}.Debug|x64.ActiveCfg = Debug|Any CPU
		{6AE4F20D-96B2-4158-A4B9-49662BDE4327}.Debug|x64.Build.0 = Debug|Any CPU
		{6AE4F20D-96B2-4158-A4B9-49662BDE4327}.Debug|x86.ActiveCfg = Debug|Any CPU
		{6AE4F20D-96B2-4158-A4B9-49662BDE4327}.Debug|x86.Build.0 = Debug|Any CPU
		{6AE4F20D-96B2-4158-A4B9-49662BDE4327}.Release|Any CPU.ActiveCfg = Release|Any CPU
		{6AE4F20D-96B2-4158-A4B9-49662BDE4327}.Release|Any CPU.Build.0 = Release|Any CPU
		{6AE4F20D-96B2-4158-A4B9-49662BDE4327}.Release|x64.ActiveCfg = Release|Any CPU
		{6AE4F20D-96B2-4158-A4B9-49662BDE4327}.Release|x64.Build.0 = Release|Any CPU
		{6AE4F20D-96B2-4158-A4B9-49662BDE4327}.Release|x86.ActiveCfg = Release|Any CPU
		{6AE4F20D-96B2-4158-A4B9-49662BDE4327}.Release|x86.Build.0 = Release|Any CPU
		{8E204465-3593-454E-A59D-9823AD0F4CF0}.Debug|Any CPU.ActiveCfg = Debug|Any CPU
		{8E204465-3593-454E-A59D-9823AD0F4CF0}.Debug|Any CPU.Build.0 = Debug|Any CPU
		{8E204465-3593-454E-A59D-9823AD0F4CF0}.Debug|x64.ActiveCfg = Debug|Any CPU
		{8E204465-3593-454E-A59D-9823AD0F4CF0}.Debug|x64.Build.0 = Debug|Any CPU
		{8E204465-3593-454E-A59D-9823AD0F4CF0}.Debug|x86.ActiveCfg = Debug|Any CPU
		{8E204465-3593-454E-A59D-9823AD0F4CF0}.Debug|x86.Build.0 = Debug|Any CPU
		{8E204465-3593-454E-A59D-9823AD0F4CF0}.Release|Any CPU.ActiveCfg = Release|Any CPU
		{8E204465-3593-454E-A59D-9823AD0F4CF0}.Release|Any CPU.Build.0 = Release|Any CPU
		{8E204465-3593-454E-A59D-9823AD0F4CF0}.Release|x64.ActiveCfg = Release|Any CPU
		{8E204465-3593-454E-A59D-9823AD0F4CF0}.Release|x64.Build.0 = Release|Any CPU
		{8E204465-3593-454E-A59D-9823AD0F4CF0}.Release|x86.ActiveCfg = Release|Any CPU
		{8E204465-3593-454E-A59D-9823AD0F4CF0}.Release|x86.Build.0 = Release|Any CPU
		{0841C179-2344-4995-ACCD-D54C3EA3A40D}.Debug|Any CPU.ActiveCfg = Debug|Any CPU
		{0841C179-2344-4995-ACCD-D54C3EA3A40D}.Debug|Any CPU.Build.0 = Debug|Any CPU
		{0841C179-2344-4995-ACCD-D54C3EA3A40D}.Debug|x64.ActiveCfg = Debug|Any CPU
		{0841C179-2344-4995-ACCD-D54C3EA3A40D}.Debug|x64.Build.0 = Debug|Any CPU
		{0841C179-2344-4995-ACCD-D54C3EA3A40D}.Debug|x86.ActiveCfg = Debug|Any CPU
		{0841C179-2344-4995-ACCD-D54C3EA3A40D}.Debug|x86.Build.0 = Debug|Any CPU
		{0841C179-2344-4995-ACCD-D54C3EA3A40D}.Release|Any CPU.ActiveCfg = Release|Any CPU
		{0841C179-2344-4995-ACCD-D54C3EA3A40D}.Release|Any CPU.Build.0 = Release|Any CPU
		{0841C179-2344-4995-ACCD-D54C3EA3A40D}.Release|x64.ActiveCfg = Release|Any CPU
		{0841C179-2344-4995-ACCD-D54C3EA3A40D}.Release|x64.Build.0 = Release|Any CPU
		{0841C179-2344-4995-ACCD-D54C3EA3A40D}.Release|x86.ActiveCfg = Release|Any CPU
		{0841C179-2344-4995-ACCD-D54C3EA3A40D}.Release|x86.Build.0 = Release|Any CPU
		{CD1374E7-2A98-4CD7-950A-A013F83336F9}.Debug|Any CPU.ActiveCfg = Debug|Any CPU
		{CD1374E7-2A98-4CD7-950A-A013F83336F9}.Debug|Any CPU.Build.0 = Debug|Any CPU
		{CD1374E7-2A98-4CD7-950A-A013F83336F9}.Debug|x64.ActiveCfg = Debug|Any CPU
		{CD1374E7-2A98-4CD7-950A-A013F83336F9}.Debug|x64.Build.0 = Debug|Any CPU
		{CD1374E7-2A98-4CD7-950A-A013F83336F9}.Debug|x86.ActiveCfg = Debug|Any CPU
		{CD1374E7-2A98-4CD7-950A-A013F83336F9}.Debug|x86.Build.0 = Debug|Any CPU
		{CD1374E7-2A98-4CD7-950A-A013F83336F9}.Release|Any CPU.ActiveCfg = Release|Any CPU
		{CD1374E7-2A98-4CD7-950A-A013F83336F9}.Release|Any CPU.Build.0 = Release|Any CPU
		{CD1374E7-2A98-4CD7-950A-A013F83336F9}.Release|x64.ActiveCfg = Release|Any CPU
		{CD1374E7-2A98-4CD7-950A-A013F83336F9}.Release|x64.Build.0 = Release|Any CPU
		{CD1374E7-2A98-4CD7-950A-A013F83336F9}.Release|x86.ActiveCfg = Release|Any CPU
		{CD1374E7-2A98-4CD7-950A-A013F83336F9}.Release|x86.Build.0 = Release|Any CPU
		{85D14B24-06D6-42D2-849D-E26456E41010}.Debug|Any CPU.ActiveCfg = Debug|Any CPU
		{85D14B24-06D6-42D2-849D-E26456E41010}.Debug|Any CPU.Build.0 = Debug|Any CPU
		{85D14B24-06D6-42D2-849D-E26456E41010}.Debug|x64.ActiveCfg = Debug|Any CPU
		{85D14B24-06D6-42D2-849D-E26456E41010}.Debug|x64.Build.0 = Debug|Any CPU
		{85D14B24-06D6-42D2-849D-E26456E41010}.Debug|x86.ActiveCfg = Debug|Any CPU
		{85D14B24-06D6-42D2-849D-E26456E41010}.Debug|x86.Build.0 = Debug|Any CPU
		{85D14B24-06D6-42D2-849D-E26456E41010}.Release|Any CPU.ActiveCfg = Release|Any CPU
		{85D14B24-06D6-42D2-849D-E26456E41010}.Release|Any CPU.Build.0 = Release|Any CPU
		{85D14B24-06D6-42D2-849D-E26456E41010}.Release|x64.ActiveCfg = Release|Any CPU
		{85D14B24-06D6-42D2-849D-E26456E41010}.Release|x64.Build.0 = Release|Any CPU
		{85D14B24-06D6-42D2-849D-E26456E41010}.Release|x86.ActiveCfg = Release|Any CPU
		{85D14B24-06D6-42D2-849D-E26456E41010}.Release|x86.Build.0 = Release|Any CPU
		{151D1885-F68E-453F-A611-8E4AB273F573}.Debug|Any CPU.ActiveCfg = Debug|Any CPU
		{151D1885-F68E-453F-A611-8E4AB273F573}.Debug|Any CPU.Build.0 = Debug|Any CPU
		{151D1885-F68E-453F-A611-8E4AB273F573}.Debug|x64.ActiveCfg = Debug|Any CPU
		{151D1885-F68E-453F-A611-8E4AB273F573}.Debug|x64.Build.0 = Debug|Any CPU
		{151D1885-F68E-453F-A611-8E4AB273F573}.Debug|x86.ActiveCfg = Debug|Any CPU
		{151D1885-F68E-453F-A611-8E4AB273F573}.Debug|x86.Build.0 = Debug|Any CPU
		{151D1885-F68E-453F-A611-8E4AB273F573}.Release|Any CPU.ActiveCfg = Release|Any CPU
		{151D1885-F68E-453F-A611-8E4AB273F573}.Release|Any CPU.Build.0 = Release|Any CPU
		{151D1885-F68E-453F-A611-8E4AB273F573}.Release|x64.ActiveCfg = Release|Any CPU
		{151D1885-F68E-453F-A611-8E4AB273F573}.Release|x64.Build.0 = Release|Any CPU
		{151D1885-F68E-453F-A611-8E4AB273F573}.Release|x86.ActiveCfg = Release|Any CPU
		{151D1885-F68E-453F-A611-8E4AB273F573}.Release|x86.Build.0 = Release|Any CPU
		{3292CA9D-B9A5-46BF-BF90-E71E394E5C4E}.Debug|Any CPU.ActiveCfg = Debug|Any CPU
		{3292CA9D-B9A5-46BF-BF90-E71E394E5C4E}.Debug|Any CPU.Build.0 = Debug|Any CPU
		{3292CA9D-B9A5-46BF-BF90-E71E394E5C4E}.Debug|x64.ActiveCfg = Debug|Any CPU
		{3292CA9D-B9A5-46BF-BF90-E71E394E5C4E}.Debug|x64.Build.0 = Debug|Any CPU
		{3292CA9D-B9A5-46BF-BF90-E71E394E5C4E}.Debug|x86.ActiveCfg = Debug|Any CPU
		{3292CA9D-B9A5-46BF-BF90-E71E394E5C4E}.Debug|x86.Build.0 = Debug|Any CPU
		{3292CA9D-B9A5-46BF-BF90-E71E394E5C4E}.Release|Any CPU.ActiveCfg = Release|Any CPU
		{3292CA9D-B9A5-46BF-BF90-E71E394E5C4E}.Release|Any CPU.Build.0 = Release|Any CPU
		{3292CA9D-B9A5-46BF-BF90-E71E394E5C4E}.Release|x64.ActiveCfg = Release|Any CPU
		{3292CA9D-B9A5-46BF-BF90-E71E394E5C4E}.Release|x64.Build.0 = Release|Any CPU
		{3292CA9D-B9A5-46BF-BF90-E71E394E5C4E}.Release|x86.ActiveCfg = Release|Any CPU
		{3292CA9D-B9A5-46BF-BF90-E71E394E5C4E}.Release|x86.Build.0 = Release|Any CPU
	EndGlobalSection
	GlobalSection(SolutionProperties) = preSolution
		HideSolutionNode = FALSE
	EndGlobalSection
	GlobalSection(NestedProjects) = preSolution
		{2BD2C416-8A49-45C4-BD71-E7EA97C5F7FA} = {08C7D9FF-8AA8-465A-B851-E11D26E1CF01}
		{57492882-75A5-445A-99B0-9D23DC4A2390} = {08C7D9FF-8AA8-465A-B851-E11D26E1CF01}
		{6AE4F20D-96B2-4158-A4B9-49662BDE4327} = {08C7D9FF-8AA8-465A-B851-E11D26E1CF01}
		{8E204465-3593-454E-A59D-9823AD0F4CF0} = {08C7D9FF-8AA8-465A-B851-E11D26E1CF01}
		{0841C179-2344-4995-ACCD-D54C3EA3A40D} = {08C7D9FF-8AA8-465A-B851-E11D26E1CF01}
		{CD1374E7-2A98-4CD7-950A-A013F83336F9} = {08C7D9FF-8AA8-465A-B851-E11D26E1CF01}
		{85D14B24-06D6-42D2-849D-E26456E41010} = {08C7D9FF-8AA8-465A-B851-E11D26E1CF01}
	EndGlobalSection
	GlobalSection(ExtensibilityGlobals) = postSolution
		SolutionGuid = {E779B411-32D7-4069-85B4-1F3E4AA42E5D}
	EndGlobalSection
EndGlobal
