
Microsoft Visual Studio Solution File, Format Version 12.00
# Visual Studio Version 16
VisualStudioVersion = 16.0.29411.108
MinimumVisualStudioVersion = 10.0.40219.1
Project("{FAE04EC0-301F-11D3-BF4B-00C04F79EFBC}") = "FdaTester", "FdaTester\FdaTester.csproj", "{0D9CCAAA-4117-47E3-9829-2CA53FF695F5}"
EndProject
Project("{FAE04EC0-301F-11D3-BF4B-00C04F79EFBC}") = "ViewModel", "FdaViewModel\ViewModel.csproj", "{6A8FD3E7-B4EC-46B4-B91B-2B63034F9776}"
	ProjectSection(ProjectDependencies) = postProject
		{33BEBAAF-125C-404C-8107-3A3FE2A5C776} = {33BEBAAF-125C-404C-8107-3A3FE2A5C776}
	EndProjectSection
EndProject
Project("{FAE04EC0-301F-11D3-BF4B-00C04F79EFBC}") = "FdaUnitTests", "FDAUnitTests\FdaUnitTests.csproj", "{8CEEFD86-62FE-4CCA-AA66-F1862E98DC5A}"
EndProject
Project("{F184B08F-C81C-45F6-A57F-5ABD9991F28F}") = "OpenGLMapping", "OpenGLMapper\geospatial\OpenGLMapping\OpenGLMapping.vbproj", "{E6DD31C5-1388-4B1D-8291-C317DDE22388}"
EndProject
Project("{FAE04EC0-301F-11D3-BF4B-00C04F79EFBC}") = "FdaModel_OldVersion", "OldModel\FdaModel_OldVersion.csproj", "{33BEBAAF-125C-404C-8107-3A3FE2A5C776}"
EndProject
Project("{FAE04EC0-301F-11D3-BF4B-00C04F79EFBC}") = "View", "View\View.csproj", "{CB13C644-E9D3-400F-B9ED-CFF9BEAF5E20}"
EndProject
Project("{9A19103F-16F7-4668-BE54-9A1E7A4F7556}") = "Statistics", "Statistics\Statistics.csproj", "{C793991B-B5F7-4667-8478-713E97340D34}"
EndProject
Project("{9A19103F-16F7-4668-BE54-9A1E7A4F7556}") = "StatisticsTests", "StatisticsTests\StatisticsTests.csproj", "{2CFFB469-5C36-4270-900A-BF8873475CD5}"
EndProject
Project("{9A19103F-16F7-4668-BE54-9A1E7A4F7556}") = "Utilities", "Utilities\Utilities.csproj", "{9038ADD9-59CA-4E3A-B665-6B086FDE5F18}"
EndProject
Project("{9A19103F-16F7-4668-BE54-9A1E7A4F7556}") = "UtilitiesTests", "UtilitiesTests\UtilitiesTests.csproj", "{446520E4-603F-4468-B9B3-C2FE8A65BCA4}"
EndProject
Project("{9A19103F-16F7-4668-BE54-9A1E7A4F7556}") = "Functions", "Functions\Functions.csproj", "{C33A0F59-FE11-4E06-B85E-BD84E6C1106D}"
EndProject
Project("{9A19103F-16F7-4668-BE54-9A1E7A4F7556}") = "FunctionsTests", "FunctionsTests\FunctionsTests.csproj", "{4AFE6338-04B8-4D17-A750-48707E9B6539}"
EndProject
Project("{FAE04EC0-301F-11D3-BF4B-00C04F79EFBC}") = "FunctionsView", "FunctionsView\FunctionsView.csproj", "{8E8C8388-F610-44CD-8746-BC2559E02424}"
EndProject
Project("{9A19103F-16F7-4668-BE54-9A1E7A4F7556}") = "FunctionsViewUITester", "FunctionsViewUITester\FunctionsViewUITester.csproj", "{A2334ACB-7AB0-4DC0-B881-C66A585C6ACE}"
EndProject
Project("{F184B08F-C81C-45F6-A57F-5ABD9991F28F}") = "UserControls", "UserControls\UserControls.vbproj", "{80EB938B-BC8F-44F7-B4DD-6127010F2D96}"
EndProject
Project("{9A19103F-16F7-4668-BE54-9A1E7A4F7556}") = "FunctionsViewTests", "FunctionsViewTests\FunctionsViewTests.csproj", "{8595F51B-E997-4F7E-A6E0-424A592B4A27}"
EndProject
Project("{9A19103F-16F7-4668-BE54-9A1E7A4F7556}") = "ViewModelTests", "ViewModelTests\ViewModelTests.csproj", "{7F4D29BC-5698-4129-B0D7-07E2D498506A}"
EndProject
Project("{FAE04EC0-301F-11D3-BF4B-00C04F79EFBC}") = "Model", "Model\Model.csproj", "{B4909C07-FC85-49D6-867A-0E00D311A991}"
EndProject
Project("{FAE04EC0-301F-11D3-BF4B-00C04F79EFBC}") = "ImpactArea", "ImpactArea\ImpactArea.csproj", "{BFED81FA-94DB-4D6B-B301-EB3B715D1601}"
EndProject
Global
	GlobalSection(SolutionConfigurationPlatforms) = preSolution
		Debug|Any CPU = Debug|Any CPU
		Debug|x64 = Debug|x64
		Debug|x86 = Debug|x86
		Release|Any CPU = Release|Any CPU
		Release|x64 = Release|x64
		Release|x86 = Release|x86
	EndGlobalSection
	GlobalSection(ProjectConfigurationPlatforms) = postSolution
		{0D9CCAAA-4117-47E3-9829-2CA53FF695F5}.Debug|Any CPU.ActiveCfg = Debug|Any CPU
		{0D9CCAAA-4117-47E3-9829-2CA53FF695F5}.Debug|Any CPU.Build.0 = Debug|Any CPU
		{0D9CCAAA-4117-47E3-9829-2CA53FF695F5}.Debug|x64.ActiveCfg = Debug|Any CPU
		{0D9CCAAA-4117-47E3-9829-2CA53FF695F5}.Debug|x64.Build.0 = Debug|Any CPU
		{0D9CCAAA-4117-47E3-9829-2CA53FF695F5}.Debug|x86.ActiveCfg = Debug|Any CPU
		{0D9CCAAA-4117-47E3-9829-2CA53FF695F5}.Debug|x86.Build.0 = Debug|Any CPU
		{0D9CCAAA-4117-47E3-9829-2CA53FF695F5}.Release|Any CPU.ActiveCfg = Release|Any CPU
		{0D9CCAAA-4117-47E3-9829-2CA53FF695F5}.Release|Any CPU.Build.0 = Release|Any CPU
		{0D9CCAAA-4117-47E3-9829-2CA53FF695F5}.Release|x64.ActiveCfg = Release|Any CPU
		{0D9CCAAA-4117-47E3-9829-2CA53FF695F5}.Release|x64.Build.0 = Release|Any CPU
		{0D9CCAAA-4117-47E3-9829-2CA53FF695F5}.Release|x86.ActiveCfg = Release|Any CPU
		{0D9CCAAA-4117-47E3-9829-2CA53FF695F5}.Release|x86.Build.0 = Release|Any CPU
		{6A8FD3E7-B4EC-46B4-B91B-2B63034F9776}.Debug|Any CPU.ActiveCfg = Debug|Any CPU
		{6A8FD3E7-B4EC-46B4-B91B-2B63034F9776}.Debug|Any CPU.Build.0 = Debug|Any CPU
		{6A8FD3E7-B4EC-46B4-B91B-2B63034F9776}.Debug|x64.ActiveCfg = Debug|Any CPU
		{6A8FD3E7-B4EC-46B4-B91B-2B63034F9776}.Debug|x64.Build.0 = Debug|Any CPU
		{6A8FD3E7-B4EC-46B4-B91B-2B63034F9776}.Debug|x86.ActiveCfg = Debug|Any CPU
		{6A8FD3E7-B4EC-46B4-B91B-2B63034F9776}.Debug|x86.Build.0 = Debug|Any CPU
		{6A8FD3E7-B4EC-46B4-B91B-2B63034F9776}.Release|Any CPU.ActiveCfg = Release|Any CPU
		{6A8FD3E7-B4EC-46B4-B91B-2B63034F9776}.Release|Any CPU.Build.0 = Release|Any CPU
		{6A8FD3E7-B4EC-46B4-B91B-2B63034F9776}.Release|x64.ActiveCfg = Release|Any CPU
		{6A8FD3E7-B4EC-46B4-B91B-2B63034F9776}.Release|x64.Build.0 = Release|Any CPU
		{6A8FD3E7-B4EC-46B4-B91B-2B63034F9776}.Release|x86.ActiveCfg = Release|Any CPU
		{6A8FD3E7-B4EC-46B4-B91B-2B63034F9776}.Release|x86.Build.0 = Release|Any CPU
		{8CEEFD86-62FE-4CCA-AA66-F1862E98DC5A}.Debug|Any CPU.ActiveCfg = Debug|Any CPU
		{8CEEFD86-62FE-4CCA-AA66-F1862E98DC5A}.Debug|Any CPU.Build.0 = Debug|Any CPU
		{8CEEFD86-62FE-4CCA-AA66-F1862E98DC5A}.Debug|x64.ActiveCfg = Debug|Any CPU
		{8CEEFD86-62FE-4CCA-AA66-F1862E98DC5A}.Debug|x64.Build.0 = Debug|Any CPU
		{8CEEFD86-62FE-4CCA-AA66-F1862E98DC5A}.Debug|x86.ActiveCfg = Debug|Any CPU
		{8CEEFD86-62FE-4CCA-AA66-F1862E98DC5A}.Debug|x86.Build.0 = Debug|Any CPU
		{8CEEFD86-62FE-4CCA-AA66-F1862E98DC5A}.Release|Any CPU.ActiveCfg = Release|Any CPU
		{8CEEFD86-62FE-4CCA-AA66-F1862E98DC5A}.Release|Any CPU.Build.0 = Release|Any CPU
		{8CEEFD86-62FE-4CCA-AA66-F1862E98DC5A}.Release|x64.ActiveCfg = Release|Any CPU
		{8CEEFD86-62FE-4CCA-AA66-F1862E98DC5A}.Release|x64.Build.0 = Release|Any CPU
		{8CEEFD86-62FE-4CCA-AA66-F1862E98DC5A}.Release|x86.ActiveCfg = Release|Any CPU
		{8CEEFD86-62FE-4CCA-AA66-F1862E98DC5A}.Release|x86.Build.0 = Release|Any CPU
		{E6DD31C5-1388-4B1D-8291-C317DDE22388}.Debug|Any CPU.ActiveCfg = Debug|x86
		{E6DD31C5-1388-4B1D-8291-C317DDE22388}.Debug|x64.ActiveCfg = Debug|x64
		{E6DD31C5-1388-4B1D-8291-C317DDE22388}.Debug|x64.Build.0 = Debug|x64
		{E6DD31C5-1388-4B1D-8291-C317DDE22388}.Debug|x86.ActiveCfg = Debug|x86
		{E6DD31C5-1388-4B1D-8291-C317DDE22388}.Debug|x86.Build.0 = Debug|x86
		{E6DD31C5-1388-4B1D-8291-C317DDE22388}.Release|Any CPU.ActiveCfg = Release|x86
		{E6DD31C5-1388-4B1D-8291-C317DDE22388}.Release|x64.ActiveCfg = Release|x64
		{E6DD31C5-1388-4B1D-8291-C317DDE22388}.Release|x64.Build.0 = Release|x64
		{E6DD31C5-1388-4B1D-8291-C317DDE22388}.Release|x86.ActiveCfg = Release|x86
		{E6DD31C5-1388-4B1D-8291-C317DDE22388}.Release|x86.Build.0 = Release|x86
		{33BEBAAF-125C-404C-8107-3A3FE2A5C776}.Debug|Any CPU.ActiveCfg = Debug|Any CPU
		{33BEBAAF-125C-404C-8107-3A3FE2A5C776}.Debug|Any CPU.Build.0 = Debug|Any CPU
		{33BEBAAF-125C-404C-8107-3A3FE2A5C776}.Debug|x64.ActiveCfg = Debug|Any CPU
		{33BEBAAF-125C-404C-8107-3A3FE2A5C776}.Debug|x64.Build.0 = Debug|Any CPU
		{33BEBAAF-125C-404C-8107-3A3FE2A5C776}.Debug|x86.ActiveCfg = Debug|Any CPU
		{33BEBAAF-125C-404C-8107-3A3FE2A5C776}.Debug|x86.Build.0 = Debug|Any CPU
		{33BEBAAF-125C-404C-8107-3A3FE2A5C776}.Release|Any CPU.ActiveCfg = Release|Any CPU
		{33BEBAAF-125C-404C-8107-3A3FE2A5C776}.Release|Any CPU.Build.0 = Release|Any CPU
		{33BEBAAF-125C-404C-8107-3A3FE2A5C776}.Release|x64.ActiveCfg = Release|Any CPU
		{33BEBAAF-125C-404C-8107-3A3FE2A5C776}.Release|x64.Build.0 = Release|Any CPU
		{33BEBAAF-125C-404C-8107-3A3FE2A5C776}.Release|x86.ActiveCfg = Release|Any CPU
		{33BEBAAF-125C-404C-8107-3A3FE2A5C776}.Release|x86.Build.0 = Release|Any CPU
		{CB13C644-E9D3-400F-B9ED-CFF9BEAF5E20}.Debug|Any CPU.ActiveCfg = Debug|Any CPU
		{CB13C644-E9D3-400F-B9ED-CFF9BEAF5E20}.Debug|Any CPU.Build.0 = Debug|Any CPU
		{CB13C644-E9D3-400F-B9ED-CFF9BEAF5E20}.Debug|x64.ActiveCfg = Debug|Any CPU
		{CB13C644-E9D3-400F-B9ED-CFF9BEAF5E20}.Debug|x64.Build.0 = Debug|Any CPU
		{CB13C644-E9D3-400F-B9ED-CFF9BEAF5E20}.Debug|x86.ActiveCfg = Debug|Any CPU
		{CB13C644-E9D3-400F-B9ED-CFF9BEAF5E20}.Debug|x86.Build.0 = Debug|Any CPU
		{CB13C644-E9D3-400F-B9ED-CFF9BEAF5E20}.Release|Any CPU.ActiveCfg = Release|Any CPU
		{CB13C644-E9D3-400F-B9ED-CFF9BEAF5E20}.Release|Any CPU.Build.0 = Release|Any CPU
		{CB13C644-E9D3-400F-B9ED-CFF9BEAF5E20}.Release|x64.ActiveCfg = Release|Any CPU
		{CB13C644-E9D3-400F-B9ED-CFF9BEAF5E20}.Release|x64.Build.0 = Release|Any CPU
		{CB13C644-E9D3-400F-B9ED-CFF9BEAF5E20}.Release|x86.ActiveCfg = Release|Any CPU
		{CB13C644-E9D3-400F-B9ED-CFF9BEAF5E20}.Release|x86.Build.0 = Release|Any CPU
		{C793991B-B5F7-4667-8478-713E97340D34}.Debug|Any CPU.ActiveCfg = Debug|Any CPU
		{C793991B-B5F7-4667-8478-713E97340D34}.Debug|Any CPU.Build.0 = Debug|Any CPU
		{C793991B-B5F7-4667-8478-713E97340D34}.Debug|x64.ActiveCfg = Debug|Any CPU
		{C793991B-B5F7-4667-8478-713E97340D34}.Debug|x64.Build.0 = Debug|Any CPU
		{C793991B-B5F7-4667-8478-713E97340D34}.Debug|x86.ActiveCfg = Debug|Any CPU
		{C793991B-B5F7-4667-8478-713E97340D34}.Debug|x86.Build.0 = Debug|Any CPU
		{C793991B-B5F7-4667-8478-713E97340D34}.Release|Any CPU.ActiveCfg = Release|Any CPU
		{C793991B-B5F7-4667-8478-713E97340D34}.Release|Any CPU.Build.0 = Release|Any CPU
		{C793991B-B5F7-4667-8478-713E97340D34}.Release|x64.ActiveCfg = Release|Any CPU
		{C793991B-B5F7-4667-8478-713E97340D34}.Release|x64.Build.0 = Release|Any CPU
		{C793991B-B5F7-4667-8478-713E97340D34}.Release|x86.ActiveCfg = Release|Any CPU
		{C793991B-B5F7-4667-8478-713E97340D34}.Release|x86.Build.0 = Release|Any CPU
		{2CFFB469-5C36-4270-900A-BF8873475CD5}.Debug|Any CPU.ActiveCfg = Debug|Any CPU
		{2CFFB469-5C36-4270-900A-BF8873475CD5}.Debug|Any CPU.Build.0 = Debug|Any CPU
		{2CFFB469-5C36-4270-900A-BF8873475CD5}.Debug|x64.ActiveCfg = Debug|Any CPU
		{2CFFB469-5C36-4270-900A-BF8873475CD5}.Debug|x64.Build.0 = Debug|Any CPU
		{2CFFB469-5C36-4270-900A-BF8873475CD5}.Debug|x86.ActiveCfg = Debug|Any CPU
		{2CFFB469-5C36-4270-900A-BF8873475CD5}.Debug|x86.Build.0 = Debug|Any CPU
		{2CFFB469-5C36-4270-900A-BF8873475CD5}.Release|Any CPU.ActiveCfg = Release|Any CPU
		{2CFFB469-5C36-4270-900A-BF8873475CD5}.Release|Any CPU.Build.0 = Release|Any CPU
		{2CFFB469-5C36-4270-900A-BF8873475CD5}.Release|x64.ActiveCfg = Release|Any CPU
		{2CFFB469-5C36-4270-900A-BF8873475CD5}.Release|x64.Build.0 = Release|Any CPU
		{2CFFB469-5C36-4270-900A-BF8873475CD5}.Release|x86.ActiveCfg = Release|Any CPU
		{2CFFB469-5C36-4270-900A-BF8873475CD5}.Release|x86.Build.0 = Release|Any CPU
		{9038ADD9-59CA-4E3A-B665-6B086FDE5F18}.Debug|Any CPU.ActiveCfg = Debug|Any CPU
		{9038ADD9-59CA-4E3A-B665-6B086FDE5F18}.Debug|Any CPU.Build.0 = Debug|Any CPU
		{9038ADD9-59CA-4E3A-B665-6B086FDE5F18}.Debug|x64.ActiveCfg = Debug|Any CPU
		{9038ADD9-59CA-4E3A-B665-6B086FDE5F18}.Debug|x64.Build.0 = Debug|Any CPU
		{9038ADD9-59CA-4E3A-B665-6B086FDE5F18}.Debug|x86.ActiveCfg = Debug|Any CPU
		{9038ADD9-59CA-4E3A-B665-6B086FDE5F18}.Debug|x86.Build.0 = Debug|Any CPU
		{9038ADD9-59CA-4E3A-B665-6B086FDE5F18}.Release|Any CPU.ActiveCfg = Release|Any CPU
		{9038ADD9-59CA-4E3A-B665-6B086FDE5F18}.Release|Any CPU.Build.0 = Release|Any CPU
		{9038ADD9-59CA-4E3A-B665-6B086FDE5F18}.Release|x64.ActiveCfg = Release|Any CPU
		{9038ADD9-59CA-4E3A-B665-6B086FDE5F18}.Release|x64.Build.0 = Release|Any CPU
		{9038ADD9-59CA-4E3A-B665-6B086FDE5F18}.Release|x86.ActiveCfg = Release|Any CPU
		{9038ADD9-59CA-4E3A-B665-6B086FDE5F18}.Release|x86.Build.0 = Release|Any CPU
		{446520E4-603F-4468-B9B3-C2FE8A65BCA4}.Debug|Any CPU.ActiveCfg = Debug|Any CPU
		{446520E4-603F-4468-B9B3-C2FE8A65BCA4}.Debug|Any CPU.Build.0 = Debug|Any CPU
		{446520E4-603F-4468-B9B3-C2FE8A65BCA4}.Debug|x64.ActiveCfg = Debug|Any CPU
		{446520E4-603F-4468-B9B3-C2FE8A65BCA4}.Debug|x64.Build.0 = Debug|Any CPU
		{446520E4-603F-4468-B9B3-C2FE8A65BCA4}.Debug|x86.ActiveCfg = Debug|Any CPU
		{446520E4-603F-4468-B9B3-C2FE8A65BCA4}.Debug|x86.Build.0 = Debug|Any CPU
		{446520E4-603F-4468-B9B3-C2FE8A65BCA4}.Release|Any CPU.ActiveCfg = Release|Any CPU
		{446520E4-603F-4468-B9B3-C2FE8A65BCA4}.Release|Any CPU.Build.0 = Release|Any CPU
		{446520E4-603F-4468-B9B3-C2FE8A65BCA4}.Release|x64.ActiveCfg = Release|Any CPU
		{446520E4-603F-4468-B9B3-C2FE8A65BCA4}.Release|x64.Build.0 = Release|Any CPU
		{446520E4-603F-4468-B9B3-C2FE8A65BCA4}.Release|x86.ActiveCfg = Release|Any CPU
		{446520E4-603F-4468-B9B3-C2FE8A65BCA4}.Release|x86.Build.0 = Release|Any CPU
		{C33A0F59-FE11-4E06-B85E-BD84E6C1106D}.Debug|Any CPU.ActiveCfg = Debug|Any CPU
		{C33A0F59-FE11-4E06-B85E-BD84E6C1106D}.Debug|Any CPU.Build.0 = Debug|Any CPU
		{C33A0F59-FE11-4E06-B85E-BD84E6C1106D}.Debug|x64.ActiveCfg = Debug|Any CPU
		{C33A0F59-FE11-4E06-B85E-BD84E6C1106D}.Debug|x64.Build.0 = Debug|Any CPU
		{C33A0F59-FE11-4E06-B85E-BD84E6C1106D}.Debug|x86.ActiveCfg = Debug|Any CPU
		{C33A0F59-FE11-4E06-B85E-BD84E6C1106D}.Debug|x86.Build.0 = Debug|Any CPU
		{C33A0F59-FE11-4E06-B85E-BD84E6C1106D}.Release|Any CPU.ActiveCfg = Release|Any CPU
		{C33A0F59-FE11-4E06-B85E-BD84E6C1106D}.Release|Any CPU.Build.0 = Release|Any CPU
		{C33A0F59-FE11-4E06-B85E-BD84E6C1106D}.Release|x64.ActiveCfg = Release|Any CPU
		{C33A0F59-FE11-4E06-B85E-BD84E6C1106D}.Release|x64.Build.0 = Release|Any CPU
		{C33A0F59-FE11-4E06-B85E-BD84E6C1106D}.Release|x86.ActiveCfg = Release|Any CPU
		{C33A0F59-FE11-4E06-B85E-BD84E6C1106D}.Release|x86.Build.0 = Release|Any CPU
		{4AFE6338-04B8-4D17-A750-48707E9B6539}.Debug|Any CPU.ActiveCfg = Debug|Any CPU
		{4AFE6338-04B8-4D17-A750-48707E9B6539}.Debug|Any CPU.Build.0 = Debug|Any CPU
		{4AFE6338-04B8-4D17-A750-48707E9B6539}.Debug|x64.ActiveCfg = Debug|Any CPU
		{4AFE6338-04B8-4D17-A750-48707E9B6539}.Debug|x64.Build.0 = Debug|Any CPU
		{4AFE6338-04B8-4D17-A750-48707E9B6539}.Debug|x86.ActiveCfg = Debug|Any CPU
		{4AFE6338-04B8-4D17-A750-48707E9B6539}.Debug|x86.Build.0 = Debug|Any CPU
		{4AFE6338-04B8-4D17-A750-48707E9B6539}.Release|Any CPU.ActiveCfg = Release|Any CPU
		{4AFE6338-04B8-4D17-A750-48707E9B6539}.Release|Any CPU.Build.0 = Release|Any CPU
		{4AFE6338-04B8-4D17-A750-48707E9B6539}.Release|x64.ActiveCfg = Release|Any CPU
		{4AFE6338-04B8-4D17-A750-48707E9B6539}.Release|x64.Build.0 = Release|Any CPU
		{4AFE6338-04B8-4D17-A750-48707E9B6539}.Release|x86.ActiveCfg = Release|Any CPU
		{4AFE6338-04B8-4D17-A750-48707E9B6539}.Release|x86.Build.0 = Release|Any CPU
		{8E8C8388-F610-44CD-8746-BC2559E02424}.Debug|Any CPU.ActiveCfg = Debug|Any CPU
		{8E8C8388-F610-44CD-8746-BC2559E02424}.Debug|Any CPU.Build.0 = Debug|Any CPU
		{8E8C8388-F610-44CD-8746-BC2559E02424}.Debug|x64.ActiveCfg = Debug|Any CPU
		{8E8C8388-F610-44CD-8746-BC2559E02424}.Debug|x64.Build.0 = Debug|Any CPU
		{8E8C8388-F610-44CD-8746-BC2559E02424}.Debug|x86.ActiveCfg = Debug|Any CPU
		{8E8C8388-F610-44CD-8746-BC2559E02424}.Debug|x86.Build.0 = Debug|Any CPU
		{8E8C8388-F610-44CD-8746-BC2559E02424}.Release|Any CPU.ActiveCfg = Release|Any CPU
		{8E8C8388-F610-44CD-8746-BC2559E02424}.Release|Any CPU.Build.0 = Release|Any CPU
		{8E8C8388-F610-44CD-8746-BC2559E02424}.Release|x64.ActiveCfg = Release|Any CPU
		{8E8C8388-F610-44CD-8746-BC2559E02424}.Release|x64.Build.0 = Release|Any CPU
		{8E8C8388-F610-44CD-8746-BC2559E02424}.Release|x86.ActiveCfg = Release|Any CPU
		{8E8C8388-F610-44CD-8746-BC2559E02424}.Release|x86.Build.0 = Release|Any CPU
		{A2334ACB-7AB0-4DC0-B881-C66A585C6ACE}.Debug|Any CPU.ActiveCfg = Debug|Any CPU
		{A2334ACB-7AB0-4DC0-B881-C66A585C6ACE}.Debug|Any CPU.Build.0 = Debug|Any CPU
		{A2334ACB-7AB0-4DC0-B881-C66A585C6ACE}.Debug|x64.ActiveCfg = Debug|Any CPU
		{A2334ACB-7AB0-4DC0-B881-C66A585C6ACE}.Debug|x64.Build.0 = Debug|Any CPU
		{A2334ACB-7AB0-4DC0-B881-C66A585C6ACE}.Debug|x86.ActiveCfg = Debug|Any CPU
		{A2334ACB-7AB0-4DC0-B881-C66A585C6ACE}.Debug|x86.Build.0 = Debug|Any CPU
		{A2334ACB-7AB0-4DC0-B881-C66A585C6ACE}.Release|Any CPU.ActiveCfg = Release|Any CPU
		{A2334ACB-7AB0-4DC0-B881-C66A585C6ACE}.Release|Any CPU.Build.0 = Release|Any CPU
		{A2334ACB-7AB0-4DC0-B881-C66A585C6ACE}.Release|x64.ActiveCfg = Release|Any CPU
		{A2334ACB-7AB0-4DC0-B881-C66A585C6ACE}.Release|x64.Build.0 = Release|Any CPU
		{A2334ACB-7AB0-4DC0-B881-C66A585C6ACE}.Release|x86.ActiveCfg = Release|Any CPU
		{A2334ACB-7AB0-4DC0-B881-C66A585C6ACE}.Release|x86.Build.0 = Release|Any CPU
		{80EB938B-BC8F-44F7-B4DD-6127010F2D96}.Debug|Any CPU.ActiveCfg = Debug|Any CPU
		{80EB938B-BC8F-44F7-B4DD-6127010F2D96}.Debug|Any CPU.Build.0 = Debug|Any CPU
		{80EB938B-BC8F-44F7-B4DD-6127010F2D96}.Debug|x64.ActiveCfg = Debug|Any CPU
		{80EB938B-BC8F-44F7-B4DD-6127010F2D96}.Debug|x64.Build.0 = Debug|Any CPU
		{80EB938B-BC8F-44F7-B4DD-6127010F2D96}.Debug|x86.ActiveCfg = Debug|Any CPU
		{80EB938B-BC8F-44F7-B4DD-6127010F2D96}.Debug|x86.Build.0 = Debug|Any CPU
		{80EB938B-BC8F-44F7-B4DD-6127010F2D96}.Release|Any CPU.ActiveCfg = Release|Any CPU
		{80EB938B-BC8F-44F7-B4DD-6127010F2D96}.Release|Any CPU.Build.0 = Release|Any CPU
		{80EB938B-BC8F-44F7-B4DD-6127010F2D96}.Release|x64.ActiveCfg = Release|Any CPU
		{80EB938B-BC8F-44F7-B4DD-6127010F2D96}.Release|x64.Build.0 = Release|Any CPU
		{80EB938B-BC8F-44F7-B4DD-6127010F2D96}.Release|x86.ActiveCfg = Release|Any CPU
		{80EB938B-BC8F-44F7-B4DD-6127010F2D96}.Release|x86.Build.0 = Release|Any CPU
		{8595F51B-E997-4F7E-A6E0-424A592B4A27}.Debug|Any CPU.ActiveCfg = Debug|Any CPU
		{8595F51B-E997-4F7E-A6E0-424A592B4A27}.Debug|Any CPU.Build.0 = Debug|Any CPU
		{8595F51B-E997-4F7E-A6E0-424A592B4A27}.Debug|x64.ActiveCfg = Debug|Any CPU
		{8595F51B-E997-4F7E-A6E0-424A592B4A27}.Debug|x64.Build.0 = Debug|Any CPU
		{8595F51B-E997-4F7E-A6E0-424A592B4A27}.Debug|x86.ActiveCfg = Debug|Any CPU
		{8595F51B-E997-4F7E-A6E0-424A592B4A27}.Debug|x86.Build.0 = Debug|Any CPU
		{8595F51B-E997-4F7E-A6E0-424A592B4A27}.Release|Any CPU.ActiveCfg = Release|Any CPU
		{8595F51B-E997-4F7E-A6E0-424A592B4A27}.Release|Any CPU.Build.0 = Release|Any CPU
		{8595F51B-E997-4F7E-A6E0-424A592B4A27}.Release|x64.ActiveCfg = Release|Any CPU
		{8595F51B-E997-4F7E-A6E0-424A592B4A27}.Release|x64.Build.0 = Release|Any CPU
		{8595F51B-E997-4F7E-A6E0-424A592B4A27}.Release|x86.ActiveCfg = Release|Any CPU
		{8595F51B-E997-4F7E-A6E0-424A592B4A27}.Release|x86.Build.0 = Release|Any CPU
		{7F4D29BC-5698-4129-B0D7-07E2D498506A}.Debug|Any CPU.ActiveCfg = Debug|Any CPU
		{7F4D29BC-5698-4129-B0D7-07E2D498506A}.Debug|Any CPU.Build.0 = Debug|Any CPU
		{7F4D29BC-5698-4129-B0D7-07E2D498506A}.Debug|x64.ActiveCfg = Debug|Any CPU
		{7F4D29BC-5698-4129-B0D7-07E2D498506A}.Debug|x64.Build.0 = Debug|Any CPU
		{7F4D29BC-5698-4129-B0D7-07E2D498506A}.Debug|x86.ActiveCfg = Debug|Any CPU
		{7F4D29BC-5698-4129-B0D7-07E2D498506A}.Debug|x86.Build.0 = Debug|Any CPU
		{7F4D29BC-5698-4129-B0D7-07E2D498506A}.Release|Any CPU.ActiveCfg = Release|Any CPU
		{7F4D29BC-5698-4129-B0D7-07E2D498506A}.Release|Any CPU.Build.0 = Release|Any CPU
		{7F4D29BC-5698-4129-B0D7-07E2D498506A}.Release|x64.ActiveCfg = Release|Any CPU
		{7F4D29BC-5698-4129-B0D7-07E2D498506A}.Release|x64.Build.0 = Release|Any CPU
		{7F4D29BC-5698-4129-B0D7-07E2D498506A}.Release|x86.ActiveCfg = Release|Any CPU
		{7F4D29BC-5698-4129-B0D7-07E2D498506A}.Release|x86.Build.0 = Release|Any CPU
		{B4909C07-FC85-49D6-867A-0E00D311A991}.Debug|Any CPU.ActiveCfg = Debug|Any CPU
		{B4909C07-FC85-49D6-867A-0E00D311A991}.Debug|Any CPU.Build.0 = Debug|Any CPU
		{B4909C07-FC85-49D6-867A-0E00D311A991}.Debug|x64.ActiveCfg = Debug|Any CPU
		{B4909C07-FC85-49D6-867A-0E00D311A991}.Debug|x64.Build.0 = Debug|Any CPU
		{B4909C07-FC85-49D6-867A-0E00D311A991}.Debug|x86.ActiveCfg = Debug|Any CPU
		{B4909C07-FC85-49D6-867A-0E00D311A991}.Debug|x86.Build.0 = Debug|Any CPU
		{B4909C07-FC85-49D6-867A-0E00D311A991}.Release|Any CPU.ActiveCfg = Release|Any CPU
		{B4909C07-FC85-49D6-867A-0E00D311A991}.Release|Any CPU.Build.0 = Release|Any CPU
		{B4909C07-FC85-49D6-867A-0E00D311A991}.Release|x64.ActiveCfg = Release|Any CPU
		{B4909C07-FC85-49D6-867A-0E00D311A991}.Release|x64.Build.0 = Release|Any CPU
		{B4909C07-FC85-49D6-867A-0E00D311A991}.Release|x86.ActiveCfg = Release|Any CPU
		{B4909C07-FC85-49D6-867A-0E00D311A991}.Release|x86.Build.0 = Release|Any CPU
		{BFED81FA-94DB-4D6B-B301-EB3B715D1601}.Debug|Any CPU.ActiveCfg = Debug|Any CPU
		{BFED81FA-94DB-4D6B-B301-EB3B715D1601}.Debug|Any CPU.Build.0 = Debug|Any CPU
		{BFED81FA-94DB-4D6B-B301-EB3B715D1601}.Debug|x64.ActiveCfg = Debug|Any CPU
		{BFED81FA-94DB-4D6B-B301-EB3B715D1601}.Debug|x64.Build.0 = Debug|Any CPU
		{BFED81FA-94DB-4D6B-B301-EB3B715D1601}.Debug|x86.ActiveCfg = Debug|Any CPU
		{BFED81FA-94DB-4D6B-B301-EB3B715D1601}.Debug|x86.Build.0 = Debug|Any CPU
		{BFED81FA-94DB-4D6B-B301-EB3B715D1601}.Release|Any CPU.ActiveCfg = Release|Any CPU
		{BFED81FA-94DB-4D6B-B301-EB3B715D1601}.Release|Any CPU.Build.0 = Release|Any CPU
		{BFED81FA-94DB-4D6B-B301-EB3B715D1601}.Release|x64.ActiveCfg = Release|Any CPU
		{BFED81FA-94DB-4D6B-B301-EB3B715D1601}.Release|x64.Build.0 = Release|Any CPU
		{BFED81FA-94DB-4D6B-B301-EB3B715D1601}.Release|x86.ActiveCfg = Release|Any CPU
		{BFED81FA-94DB-4D6B-B301-EB3B715D1601}.Release|x86.Build.0 = Release|Any CPU
	EndGlobalSection
	GlobalSection(SolutionProperties) = preSolution
		HideSolutionNode = FALSE
	EndGlobalSection
	GlobalSection(ExtensibilityGlobals) = postSolution
		SolutionGuid = {E779B411-32D7-4069-85B4-1F3E4AA42E5D}
	EndGlobalSection
EndGlobal
