
Microsoft Visual Studio Solution File, Format Version 12.00
# Visual Studio Version 16
VisualStudioVersion = 16.0.31729.503
MinimumVisualStudioVersion = 10.0.40219.1
Project("{9A19103F-16F7-4668-BE54-9A1E7A4F7556}") = "Model", "Model\Model.csproj", "{E470E6D8-9115-44E3-84DE-1287DD11B837}"
EndProject
Project("{9A19103F-16F7-4668-BE54-9A1E7A4F7556}") = "Base", "Base\Base.csproj", "{6E93F5FB-E0D2-4E8D-AD79-31A62CD125F9}"
EndProject
Project("{9A19103F-16F7-4668-BE54-9A1E7A4F7556}") = "ViewModel", "ViewModel\ViewModel.csproj", "{53281A58-6D57-48B5-8EA2-23D6343F95FE}"
	ProjectSection(ProjectDependencies) = postProject
		{E470E6D8-9115-44E3-84DE-1287DD11B837} = {E470E6D8-9115-44E3-84DE-1287DD11B837}
	EndProjectSection
EndProject
Project("{9A19103F-16F7-4668-BE54-9A1E7A4F7556}") = "View", "View\View.csproj", "{FCA23ADF-EDF6-4F7F-AD17-3708A7D4F29A}"
	ProjectSection(ProjectDependencies) = postProject
		{53281A58-6D57-48B5-8EA2-23D6343F95FE} = {53281A58-6D57-48B5-8EA2-23D6343F95FE}
	EndProjectSection
EndProject
Project("{2150E333-8FDC-42A3-9474-1A3956D46DE8}") = "Solution Items", "Solution Items", "{3A735BBA-E9B4-4DA3-BF18-F0D4245A0FAC}"
	ProjectSection(SolutionItems) = preProject
		.github\workflows\CI.yaml = .github\workflows\CI.yaml
		.github\workflows\CICD.yml = .github\workflows\CICD.yml
	EndProjectSection
EndProject
Global
	GlobalSection(SolutionConfigurationPlatforms) = preSolution
		Debug|Any CPU = Debug|Any CPU
		Release|Any CPU = Release|Any CPU
	EndGlobalSection
	GlobalSection(ProjectConfigurationPlatforms) = postSolution
		{E470E6D8-9115-44E3-84DE-1287DD11B837}.Debug|Any CPU.ActiveCfg = Debug|Any CPU
		{E470E6D8-9115-44E3-84DE-1287DD11B837}.Debug|Any CPU.Build.0 = Debug|Any CPU
		{E470E6D8-9115-44E3-84DE-1287DD11B837}.Release|Any CPU.ActiveCfg = Release|Any CPU
		{E470E6D8-9115-44E3-84DE-1287DD11B837}.Release|Any CPU.Build.0 = Release|Any CPU
		{6E93F5FB-E0D2-4E8D-AD79-31A62CD125F9}.Debug|Any CPU.ActiveCfg = Debug|Any CPU
		{6E93F5FB-E0D2-4E8D-AD79-31A62CD125F9}.Debug|Any CPU.Build.0 = Debug|Any CPU
		{6E93F5FB-E0D2-4E8D-AD79-31A62CD125F9}.Release|Any CPU.ActiveCfg = Release|Any CPU
		{6E93F5FB-E0D2-4E8D-AD79-31A62CD125F9}.Release|Any CPU.Build.0 = Release|Any CPU
		{53281A58-6D57-48B5-8EA2-23D6343F95FE}.Debug|Any CPU.ActiveCfg = Debug|Any CPU
		{53281A58-6D57-48B5-8EA2-23D6343F95FE}.Debug|Any CPU.Build.0 = Debug|Any CPU
		{53281A58-6D57-48B5-8EA2-23D6343F95FE}.Release|Any CPU.ActiveCfg = Release|Any CPU
		{53281A58-6D57-48B5-8EA2-23D6343F95FE}.Release|Any CPU.Build.0 = Release|Any CPU
		{FCA23ADF-EDF6-4F7F-AD17-3708A7D4F29A}.Debug|Any CPU.ActiveCfg = Debug|Any CPU
		{FCA23ADF-EDF6-4F7F-AD17-3708A7D4F29A}.Debug|Any CPU.Build.0 = Debug|Any CPU
		{FCA23ADF-EDF6-4F7F-AD17-3708A7D4F29A}.Release|Any CPU.ActiveCfg = Release|Any CPU
		{FCA23ADF-EDF6-4F7F-AD17-3708A7D4F29A}.Release|Any CPU.Build.0 = Release|Any CPU
	EndGlobalSection
	GlobalSection(SolutionProperties) = preSolution
		HideSolutionNode = FALSE
	EndGlobalSection
	GlobalSection(ExtensibilityGlobals) = postSolution
		SolutionGuid = {CE897F41-90C4-40B0-95EE-0DB569E0A62D}
	EndGlobalSection
EndGlobal
